
Microsoft Visual Studio Solution File, Format Version 12.00
# Visual Studio Version 16
VisualStudioVersion = 16.0.32901.82
MinimumVisualStudioVersion = 10.0.40219.1
Project("{FAE04EC0-301F-11D3-BF4B-00C04F79EFBC}") = "TestBed", "TestBed\TestBed.csproj", "{909CA78B-677A-4DAF-9AD4-F6F0DCACA42B}"
EndProject
Project("{FAE04EC0-301F-11D3-BF4B-00C04F79EFBC}") = "MCSC.Plugin.Template", "MCSC.Plugin.Template\MCSC.Plugin.Template.csproj", "{7F663FB9-38C7-47F0-BFD0-E32D02A0951A}"
EndProject
Project("{FAE04EC0-301F-11D3-BF4B-00C04F79EFBC}") = "MCSC.CWA.Template", "MCSC.CWA.Template\MCSC.CWA.Template.csproj", "{DB2CBD5F-D244-4D62-A553-CE8223D85B24}"
EndProject
Project("{FAE04EC0-301F-11D3-BF4B-00C04F79EFBC}") = "MCSC.CWA.Tests", "MCSC.CWA.Tests\MCSC.CWA.Tests.csproj", "{450AC897-D574-4270-A72D-0679FB289003}"
EndProject
Project("{FAE04EC0-301F-11D3-BF4B-00C04F79EFBC}") = "MCSC.Plugin.Tests", "MCSC.Plugin.Tests\MCSC.Plugin.Tests.csproj", "{7C462BEA-CB6B-4061-B0FC-8E8368BABE3A}"
EndProject
Project("{FAE04EC0-301F-11D3-BF4B-00C04F79EFBC}") = "MCSC.Plugin.ConvertEmailToTransaction", "MCSC.Plugin.ConvertEmailToTransaction\MCSC.Plugin.ConvertEmailToTransaction.csproj", "{146FE6DE-F04E-417A-9E4A-21272C25B133}"
EndProject
Project("{FAE04EC0-301F-11D3-BF4B-00C04F79EFBC}") = "MCSC.CWA.CheckUserHasRoles", "MCSC.CWA.CheckUserHasRoles\MCSC.CWA.CheckUserHasRoles.csproj", "{1BAA6D8D-BA16-40B6-8287-B95C1B1E034D}"
EndProject
Project("{FAE04EC0-301F-11D3-BF4B-00C04F79EFBC}") = "MCSC.Plugin.AssignCaseToCaseWorker", "MCSC.Plugin.AssignCaseToCaseWorker\MCSC.Plugin.AssignCaseToCaseWorker.csproj", "{22A935CD-BE0C-46F8-9A1B-5698EB773654}"
EndProject
Project("{FAE04EC0-301F-11D3-BF4B-00C04F79EFBC}") = "MCSC.Plugin.SyncLoAContactToCase", "MCSC.Plugin.SyncLoAContactToCase\MCSC.Plugin.SyncLoAContactToCase.csproj", "{E6F6B43C-293E-4F39-AF3C-3D9DF0418B8C}"
EndProject
Project("{FAE04EC0-301F-11D3-BF4B-00C04F79EFBC}") = "MCSC.Plugin.PopulateCaseAuditQuestions", "MCSC.Plugin.PopulateCaseAuditQuestions\MCSC.Plugin.PopulateCaseAuditQuestions.csproj", "{9399AA7D-9EDE-43C2-8E4F-0B2519EB8480}"
EndProject
Project("{FAE04EC0-301F-11D3-BF4B-00C04F79EFBC}") = "MCSC.Plugin.PopulateTransactionAuditQuestions", "MCSC.Plugin.PopulateTransactionAuditQuestions\MCSC.Plugin.PopulateTransactionAuditQuestions.csproj", "{3435B299-B2C0-442F-88CC-636573DD3AF2}"
EndProject
Project("{FAE04EC0-301F-11D3-BF4B-00C04F79EFBC}") = "MCSC.Plugin.AddCaseworkerToLoA", "MCSC.Plugin.AddCaseworkerToLoA\MCSC.Plugin.AddCaseworkerToLoA.csproj", "{607133F8-1BE3-4E03-BA04-3D20DAE1AAFD}"
EndProject
Global
	GlobalSection(SolutionConfigurationPlatforms) = preSolution
		Dev|Any CPU = Dev|Any CPU
		QA|Any CPU = QA|Any CPU
		UAT|Any CPU = UAT|Any CPU
	EndGlobalSection
	GlobalSection(ProjectConfigurationPlatforms) = postSolution
		{909CA78B-677A-4DAF-9AD4-F6F0DCACA42B}.Dev|Any CPU.ActiveCfg = Dev|Any CPU
		{909CA78B-677A-4DAF-9AD4-F6F0DCACA42B}.Dev|Any CPU.Build.0 = Dev|Any CPU
		{909CA78B-677A-4DAF-9AD4-F6F0DCACA42B}.QA|Any CPU.ActiveCfg = QA|Any CPU
		{909CA78B-677A-4DAF-9AD4-F6F0DCACA42B}.QA|Any CPU.Build.0 = QA|Any CPU
		{909CA78B-677A-4DAF-9AD4-F6F0DCACA42B}.UAT|Any CPU.ActiveCfg = UAT|Any CPU
		{909CA78B-677A-4DAF-9AD4-F6F0DCACA42B}.UAT|Any CPU.Build.0 = UAT|Any CPU
		{7F663FB9-38C7-47F0-BFD0-E32D02A0951A}.Dev|Any CPU.ActiveCfg = Dev|Any CPU
		{7F663FB9-38C7-47F0-BFD0-E32D02A0951A}.Dev|Any CPU.Build.0 = Dev|Any CPU
		{7F663FB9-38C7-47F0-BFD0-E32D02A0951A}.QA|Any CPU.ActiveCfg = QA|Any CPU
		{7F663FB9-38C7-47F0-BFD0-E32D02A0951A}.QA|Any CPU.Build.0 = QA|Any CPU
		{7F663FB9-38C7-47F0-BFD0-E32D02A0951A}.UAT|Any CPU.ActiveCfg = UAT|Any CPU
		{7F663FB9-38C7-47F0-BFD0-E32D02A0951A}.UAT|Any CPU.Build.0 = UAT|Any CPU
		{DB2CBD5F-D244-4D62-A553-CE8223D85B24}.Dev|Any CPU.ActiveCfg = Dev|Any CPU
		{DB2CBD5F-D244-4D62-A553-CE8223D85B24}.Dev|Any CPU.Build.0 = Dev|Any CPU
		{DB2CBD5F-D244-4D62-A553-CE8223D85B24}.QA|Any CPU.ActiveCfg = QA|Any CPU
		{DB2CBD5F-D244-4D62-A553-CE8223D85B24}.QA|Any CPU.Build.0 = QA|Any CPU
		{DB2CBD5F-D244-4D62-A553-CE8223D85B24}.UAT|Any CPU.ActiveCfg = UAT|Any CPU
		{DB2CBD5F-D244-4D62-A553-CE8223D85B24}.UAT|Any CPU.Build.0 = UAT|Any CPU
		{450AC897-D574-4270-A72D-0679FB289003}.Dev|Any CPU.ActiveCfg = Dev|Any CPU
		{450AC897-D574-4270-A72D-0679FB289003}.Dev|Any CPU.Build.0 = Dev|Any CPU
		{450AC897-D574-4270-A72D-0679FB289003}.QA|Any CPU.ActiveCfg = QA|Any CPU
		{450AC897-D574-4270-A72D-0679FB289003}.QA|Any CPU.Build.0 = QA|Any CPU
		{450AC897-D574-4270-A72D-0679FB289003}.UAT|Any CPU.ActiveCfg = UAT|Any CPU
		{450AC897-D574-4270-A72D-0679FB289003}.UAT|Any CPU.Build.0 = UAT|Any CPU
		{7C462BEA-CB6B-4061-B0FC-8E8368BABE3A}.Dev|Any CPU.ActiveCfg = Dev|Any CPU
		{7C462BEA-CB6B-4061-B0FC-8E8368BABE3A}.Dev|Any CPU.Build.0 = Dev|Any CPU
		{7C462BEA-CB6B-4061-B0FC-8E8368BABE3A}.QA|Any CPU.ActiveCfg = QA|Any CPU
		{7C462BEA-CB6B-4061-B0FC-8E8368BABE3A}.QA|Any CPU.Build.0 = QA|Any CPU
		{7C462BEA-CB6B-4061-B0FC-8E8368BABE3A}.UAT|Any CPU.ActiveCfg = UAT|Any CPU
		{7C462BEA-CB6B-4061-B0FC-8E8368BABE3A}.UAT|Any CPU.Build.0 = UAT|Any CPU
		{146FE6DE-F04E-417A-9E4A-21272C25B133}.Dev|Any CPU.ActiveCfg = Dev|Any CPU
		{146FE6DE-F04E-417A-9E4A-21272C25B133}.Dev|Any CPU.Build.0 = Dev|Any CPU
		{146FE6DE-F04E-417A-9E4A-21272C25B133}.QA|Any CPU.ActiveCfg = QA|Any CPU
		{146FE6DE-F04E-417A-9E4A-21272C25B133}.QA|Any CPU.Build.0 = QA|Any CPU
		{146FE6DE-F04E-417A-9E4A-21272C25B133}.UAT|Any CPU.ActiveCfg = UAT|Any CPU
		{146FE6DE-F04E-417A-9E4A-21272C25B133}.UAT|Any CPU.Build.0 = UAT|Any CPU
		{1BAA6D8D-BA16-40B6-8287-B95C1B1E034D}.Dev|Any CPU.ActiveCfg = Dev|Any CPU
		{1BAA6D8D-BA16-40B6-8287-B95C1B1E034D}.Dev|Any CPU.Build.0 = Dev|Any CPU
		{1BAA6D8D-BA16-40B6-8287-B95C1B1E034D}.QA|Any CPU.ActiveCfg = QA|Any CPU
		{1BAA6D8D-BA16-40B6-8287-B95C1B1E034D}.QA|Any CPU.Build.0 = QA|Any CPU
		{1BAA6D8D-BA16-40B6-8287-B95C1B1E034D}.UAT|Any CPU.ActiveCfg = UAT|Any CPU
		{1BAA6D8D-BA16-40B6-8287-B95C1B1E034D}.UAT|Any CPU.Build.0 = UAT|Any CPU
		{22A935CD-BE0C-46F8-9A1B-5698EB773654}.Dev|Any CPU.ActiveCfg = Dev|Any CPU
		{22A935CD-BE0C-46F8-9A1B-5698EB773654}.Dev|Any CPU.Build.0 = Dev|Any CPU
		{22A935CD-BE0C-46F8-9A1B-5698EB773654}.QA|Any CPU.ActiveCfg = QA|Any CPU
		{22A935CD-BE0C-46F8-9A1B-5698EB773654}.QA|Any CPU.Build.0 = QA|Any CPU
		{22A935CD-BE0C-46F8-9A1B-5698EB773654}.UAT|Any CPU.ActiveCfg = UAT|Any CPU
		{22A935CD-BE0C-46F8-9A1B-5698EB773654}.UAT|Any CPU.Build.0 = UAT|Any CPU
		{E6F6B43C-293E-4F39-AF3C-3D9DF0418B8C}.Dev|Any CPU.ActiveCfg = Dev|Any CPU
		{E6F6B43C-293E-4F39-AF3C-3D9DF0418B8C}.Dev|Any CPU.Build.0 = Dev|Any CPU
		{E6F6B43C-293E-4F39-AF3C-3D9DF0418B8C}.QA|Any CPU.ActiveCfg = QA|Any CPU
		{E6F6B43C-293E-4F39-AF3C-3D9DF0418B8C}.QA|Any CPU.Build.0 = QA|Any CPU
		{E6F6B43C-293E-4F39-AF3C-3D9DF0418B8C}.UAT|Any CPU.ActiveCfg = UAT|Any CPU
		{E6F6B43C-293E-4F39-AF3C-3D9DF0418B8C}.UAT|Any CPU.Build.0 = UAT|Any CPU
		{9399AA7D-9EDE-43C2-8E4F-0B2519EB8480}.Dev|Any CPU.ActiveCfg = Dev|Any CPU
		{9399AA7D-9EDE-43C2-8E4F-0B2519EB8480}.Dev|Any CPU.Build.0 = Dev|Any CPU
		{9399AA7D-9EDE-43C2-8E4F-0B2519EB8480}.QA|Any CPU.ActiveCfg = QA|Any CPU
		{9399AA7D-9EDE-43C2-8E4F-0B2519EB8480}.QA|Any CPU.Build.0 = QA|Any CPU
		{9399AA7D-9EDE-43C2-8E4F-0B2519EB8480}.UAT|Any CPU.ActiveCfg = UAT|Any CPU
		{9399AA7D-9EDE-43C2-8E4F-0B2519EB8480}.UAT|Any CPU.Build.0 = UAT|Any CPU
		{3435B299-B2C0-442F-88CC-636573DD3AF2}.Dev|Any CPU.ActiveCfg = Dev|Any CPU
		{3435B299-B2C0-442F-88CC-636573DD3AF2}.Dev|Any CPU.Build.0 = Dev|Any CPU
		{3435B299-B2C0-442F-88CC-636573DD3AF2}.QA|Any CPU.ActiveCfg = QA|Any CPU
		{3435B299-B2C0-442F-88CC-636573DD3AF2}.QA|Any CPU.Build.0 = QA|Any CPU
		{3435B299-B2C0-442F-88CC-636573DD3AF2}.UAT|Any CPU.ActiveCfg = UAT|Any CPU
		{3435B299-B2C0-442F-88CC-636573DD3AF2}.UAT|Any CPU.Build.0 = UAT|Any CPU
		{607133F8-1BE3-4E03-BA04-3D20DAE1AAFD}.Dev|Any CPU.ActiveCfg = Debug|Any CPU
		{607133F8-1BE3-4E03-BA04-3D20DAE1AAFD}.Dev|Any CPU.Build.0 = Debug|Any CPU
		{607133F8-1BE3-4E03-BA04-3D20DAE1AAFD}.QA|Any CPU.ActiveCfg = Debug|Any CPU
		{607133F8-1BE3-4E03-BA04-3D20DAE1AAFD}.QA|Any CPU.Build.0 = Debug|Any CPU
		{607133F8-1BE3-4E03-BA04-3D20DAE1AAFD}.UAT|Any CPU.ActiveCfg = Debug|Any CPU
		{607133F8-1BE3-4E03-BA04-3D20DAE1AAFD}.UAT|Any CPU.Build.0 = Debug|Any CPU
	EndGlobalSection
	GlobalSection(SolutionProperties) = preSolution
		HideSolutionNode = FALSE
	EndGlobalSection
	GlobalSection(ExtensibilityGlobals) = postSolution
		SolutionGuid = {9AD0BA93-DFB8-4239-8152-5EBE76A4A184}
	EndGlobalSection
EndGlobal
