
Microsoft Visual Studio Solution File, Format Version 12.00
# Visual Studio Version 16
VisualStudioVersion = 16.0.32901.82
MinimumVisualStudioVersion = 10.0.40219.1
Project("{FAE04EC0-301F-11D3-BF4B-00C04F79EFBC}") = "TestBed", "TestBed\TestBed.csproj", "{909CA78B-677A-4DAF-9AD4-F6F0DCACA42B}"
EndProject
Project("{FAE04EC0-301F-11D3-BF4B-00C04F79EFBC}") = "MCSC.Plugin.Template", "MCSC.Plugin.Template\MCSC.Plugin.Template.csproj", "{7F663FB9-38C7-47F0-BFD0-E32D02A0951A}"
EndProject
Project("{FAE04EC0-301F-11D3-BF4B-00C04F79EFBC}") = "MCSC.CWA.Template", "MCSC.CWA.Template\MCSC.CWA.Template.csproj", "{DB2CBD5F-D244-4D62-A553-CE8223D85B24}"
EndProject
Project("{FAE04EC0-301F-11D3-BF4B-00C04F79EFBC}") = "MCSC.CWA.Tests", "MCSC.CWA.Tests\MCSC.CWA.Tests.csproj", "{450AC897-D574-4270-A72D-0679FB289003}"
EndProject
Project("{FAE04EC0-301F-11D3-BF4B-00C04F79EFBC}") = "MCSC.Plugin.Tests", "MCSC.Plugin.Tests\MCSC.Plugin.Tests.csproj", "{7C462BEA-CB6B-4061-B0FC-8E8368BABE3A}"
EndProject
Project("{FAE04EC0-301F-11D3-BF4B-00C04F79EFBC}") = "MCSC.Plugin.ConvertEmailToTransaction", "MCSC.Plugin.ConvertEmailToTransaction\MCSC.Plugin.ConvertEmailToTransaction.csproj", "{146FE6DE-F04E-417A-9E4A-21272C25B133}"
EndProject
Project("{FAE04EC0-301F-11D3-BF4B-00C04F79EFBC}") = "MCSC.CWA.CheckUserHasRoles", "MCSC.CWA.CheckUserHasRoles\MCSC.CWA.CheckUserHasRoles.csproj", "{1BAA6D8D-BA16-40B6-8287-B95C1B1E034D}"
EndProject
Project("{FAE04EC0-301F-11D3-BF4B-00C04F79EFBC}") = "MCSC.Plugin.AddCaseworkerToLoA", "MCSC.Plugin.AddCaseworkerToLoA\MCSC.Plugin.AddCaseworkerToLoA.csproj", "{607133F8-1BE3-4E03-BA04-3D20DAE1AAFD}"
EndProject
Global
	GlobalSection(SolutionConfigurationPlatforms) = preSolution
		Debug|Any CPU = Debug|Any CPU
		Release|Any CPU = Release|Any CPU
	EndGlobalSection
	GlobalSection(ProjectConfigurationPlatforms) = postSolution
		{909CA78B-677A-4DAF-9AD4-F6F0DCACA42B}.Debug|Any CPU.ActiveCfg = Debug|Any CPU
		{909CA78B-677A-4DAF-9AD4-F6F0DCACA42B}.Debug|Any CPU.Build.0 = Debug|Any CPU
		{909CA78B-677A-4DAF-9AD4-F6F0DCACA42B}.Release|Any CPU.ActiveCfg = Release|Any CPU
		{909CA78B-677A-4DAF-9AD4-F6F0DCACA42B}.Release|Any CPU.Build.0 = Release|Any CPU
		{7F663FB9-38C7-47F0-BFD0-E32D02A0951A}.Debug|Any CPU.ActiveCfg = Debug|Any CPU
		{7F663FB9-38C7-47F0-BFD0-E32D02A0951A}.Debug|Any CPU.Build.0 = Debug|Any CPU
		{7F663FB9-38C7-47F0-BFD0-E32D02A0951A}.Release|Any CPU.ActiveCfg = Release|Any CPU
		{7F663FB9-38C7-47F0-BFD0-E32D02A0951A}.Release|Any CPU.Build.0 = Release|Any CPU
		{DB2CBD5F-D244-4D62-A553-CE8223D85B24}.Debug|Any CPU.ActiveCfg = Debug|Any CPU
		{DB2CBD5F-D244-4D62-A553-CE8223D85B24}.Debug|Any CPU.Build.0 = Debug|Any CPU
		{DB2CBD5F-D244-4D62-A553-CE8223D85B24}.Release|Any CPU.ActiveCfg = Release|Any CPU
		{DB2CBD5F-D244-4D62-A553-CE8223D85B24}.Release|Any CPU.Build.0 = Release|Any CPU
		{450AC897-D574-4270-A72D-0679FB289003}.Debug|Any CPU.ActiveCfg = Debug|Any CPU
		{450AC897-D574-4270-A72D-0679FB289003}.Debug|Any CPU.Build.0 = Debug|Any CPU
		{450AC897-D574-4270-A72D-0679FB289003}.Release|Any CPU.ActiveCfg = Release|Any CPU
		{450AC897-D574-4270-A72D-0679FB289003}.Release|Any CPU.Build.0 = Release|Any CPU
		{7C462BEA-CB6B-4061-B0FC-8E8368BABE3A}.Debug|Any CPU.ActiveCfg = Debug|Any CPU
		{7C462BEA-CB6B-4061-B0FC-8E8368BABE3A}.Debug|Any CPU.Build.0 = Debug|Any CPU
		{7C462BEA-CB6B-4061-B0FC-8E8368BABE3A}.Release|Any CPU.ActiveCfg = Release|Any CPU
		{7C462BEA-CB6B-4061-B0FC-8E8368BABE3A}.Release|Any CPU.Build.0 = Release|Any CPU
		{146FE6DE-F04E-417A-9E4A-21272C25B133}.Debug|Any CPU.ActiveCfg = Debug|Any CPU
		{146FE6DE-F04E-417A-9E4A-21272C25B133}.Debug|Any CPU.Build.0 = Debug|Any CPU
		{146FE6DE-F04E-417A-9E4A-21272C25B133}.Release|Any CPU.ActiveCfg = Release|Any CPU
		{146FE6DE-F04E-417A-9E4A-21272C25B133}.Release|Any CPU.Build.0 = Release|Any CPU
		{1BAA6D8D-BA16-40B6-8287-B95C1B1E034D}.Debug|Any CPU.ActiveCfg = Debug|Any CPU
		{1BAA6D8D-BA16-40B6-8287-B95C1B1E034D}.Debug|Any CPU.Build.0 = Debug|Any CPU
		{1BAA6D8D-BA16-40B6-8287-B95C1B1E034D}.Release|Any CPU.ActiveCfg = Release|Any CPU
		{1BAA6D8D-BA16-40B6-8287-B95C1B1E034D}.Release|Any CPU.Build.0 = Release|Any CPU
		{607133F8-1BE3-4E03-BA04-3D20DAE1AAFD}.Debug|Any CPU.ActiveCfg = Debug|Any CPU
		{607133F8-1BE3-4E03-BA04-3D20DAE1AAFD}.Debug|Any CPU.Build.0 = Debug|Any CPU
		{607133F8-1BE3-4E03-BA04-3D20DAE1AAFD}.Release|Any CPU.ActiveCfg = Release|Any CPU
		{607133F8-1BE3-4E03-BA04-3D20DAE1AAFD}.Release|Any CPU.Build.0 = Release|Any CPU
	EndGlobalSection
	GlobalSection(SolutionProperties) = preSolution
		HideSolutionNode = FALSE
	EndGlobalSection
	GlobalSection(ExtensibilityGlobals) = postSolution
		SolutionGuid = {9AD0BA93-DFB8-4239-8152-5EBE76A4A184}
	EndGlobalSection
EndGlobal
