
Microsoft Visual Studio Solution File, Format Version 12.00
# Visual Studio Version 16
VisualStudioVersion = 16.0.33423.256
MinimumVisualStudioVersion = 10.0.40219.1
Project("{FAE04EC0-301F-11D3-BF4B-00C04F79EFBC}") = "TestBed", "TestBed\TestBed.csproj", "{909CA78B-677A-4DAF-9AD4-F6F0DCACA42B}"
EndProject
Project("{FAE04EC0-301F-11D3-BF4B-00C04F79EFBC}") = "MCSC.Plugin.Template", "MCSC.Plugin.Template\MCSC.Plugin.Template.csproj", "{7F663FB9-38C7-47F0-BFD0-E32D02A0951A}"
EndProject
Project("{FAE04EC0-301F-11D3-BF4B-00C04F79EFBC}") = "MCSC.CWA.Template", "MCSC.CWA.Template\MCSC.CWA.Template.csproj", "{DB2CBD5F-D244-4D62-A553-CE8223D85B24}"
EndProject
Project("{FAE04EC0-301F-11D3-BF4B-00C04F79EFBC}") = "MCSC.CWA.Tests", "MCSC.CWA.Tests\MCSC.CWA.Tests.csproj", "{450AC897-D574-4270-A72D-0679FB289003}"
EndProject
Project("{FAE04EC0-301F-11D3-BF4B-00C04F79EFBC}") = "MCSC.Plugin.Tests", "MCSC.Plugin.Tests\MCSC.Plugin.Tests.csproj", "{7C462BEA-CB6B-4061-B0FC-8E8368BABE3A}"
EndProject
Project("{FAE04EC0-301F-11D3-BF4B-00C04F79EFBC}") = "MCSC.Plugin.ConvertEmailToTransaction", "MCSC.Plugin.ConvertEmailToTransaction\MCSC.Plugin.ConvertEmailToTransaction.csproj", "{146FE6DE-F04E-417A-9E4A-21272C25B133}"
EndProject
Project("{FAE04EC0-301F-11D3-BF4B-00C04F79EFBC}") = "MCSC.CWA.CheckUserHasRoles", "MCSC.CWA.CheckUserHasRoles\MCSC.CWA.CheckUserHasRoles.csproj", "{1BAA6D8D-BA16-40B6-8287-B95C1B1E034D}"
EndProject
Project("{FAE04EC0-301F-11D3-BF4B-00C04F79EFBC}") = "MCSC.Plugin.AssignCaseToCaseWorker", "MCSC.Plugin.AssignCaseToCaseWorker\MCSC.Plugin.AssignCaseToCaseWorker.csproj", "{22A935CD-BE0C-46F8-9A1B-5698EB773654}"
EndProject
Project("{FAE04EC0-301F-11D3-BF4B-00C04F79EFBC}") = "MCSC.Plugin.PopulateCaseAuditQuestions", "MCSC.Plugin.PopulateCaseAuditQuestions\MCSC.Plugin.PopulateCaseAuditQuestions.csproj", "{9399AA7D-9EDE-43C2-8E4F-0B2519EB8480}"
EndProject
Project("{FAE04EC0-301F-11D3-BF4B-00C04F79EFBC}") = "MCSC.Plugin.PopulateTransactionAuditQuestions", "MCSC.Plugin.PopulateTransactionAuditQuestions\MCSC.Plugin.PopulateTransactionAuditQuestions.csproj", "{3435B299-B2C0-442F-88CC-636573DD3AF2}"
EndProject
Project("{FAE04EC0-301F-11D3-BF4B-00C04F79EFBC}") = "MCSC.Plugin.AddCaseworkerToLoA", "MCSC.Plugin.AddCaseworkerToLoA\MCSC.Plugin.AddCaseworkerToLoA.csproj", "{607133F8-1BE3-4E03-BA04-3D20DAE1AAFD}"
EndProject
Project("{FAE04EC0-301F-11D3-BF4B-00C04F79EFBC}") = "MCSC.CWA.GetContactFromEmail", "MCSC.CWA.GetContactFromEmail\MCSC.CWA.GetContactFromEmail.csproj", "{F46F5494-C4C2-4C1B-9A6C-F9E7121F0134}"
EndProject
Project("{FAE04EC0-301F-11D3-BF4B-00C04F79EFBC}") = "MCSC.Plugin.UpdateNPADeductionLines", "MCSC.Plugin.UpdateNPADeductionLines\MCSC.Plugin.UpdateNPADeductionLines.csproj", "{4D0153B3-5D51-4EFE-9827-D872C636AA98}"
EndProject
Project("{FAE04EC0-301F-11D3-BF4B-00C04F79EFBC}") = "MCSC.CWA.GetSystemSettingValue", "MCSC.CWA.GetSystemSettingValue\MCSC.CWA.GetSystemSettingValue.csproj", "{EA3EC9A9-8FFA-4F8D-BDA7-91BE82D72512}"
EndProject
Project("{FAE04EC0-301F-11D3-BF4B-00C04F79EFBC}") = "MCSC.CWA.GetSystemSettingRecord", "MCSC.CWA.GetSystemSettingRecord\MCSC.CWA.GetSystemSettingRecord.csproj", "{4A4529E3-3A2E-4B45-AF9C-966805AF57F0}"
EndProject
Project("{9A19103F-16F7-4668-BE54-9A1E7A4F7556}") = "MCSC.CWA.GetUserReferenceByName", "MCSC.CWA.GetUserReferenceByName\MCSC.CWA.GetUserReferenceByName.csproj", "{491EE15F-30F7-4CDF-A2B8-56C813FD58CE}"
EndProject
Project("{FAE04EC0-301F-11D3-BF4B-00C04F79EFBC}") = "MCSC.Plugin.RenderWordTemplateForTransaction", "MCSC.Plugin.RenderWordTemplateForTransaction\MCSC.Plugin.RenderWordTemplateForTransaction.csproj", "{5AFBE775-AD50-4E55-BF60-D37EDBD60C5E}"
EndProject
Project("{FAE04EC0-301F-11D3-BF4B-00C04F79EFBC}") = "MSCS.Plugin.CRM.Replacement", "MSCS.Plugin.CRM.Replacement\MSCS.Plugin.CRM.Replacement\MSCS.Plugin.CRM.Replacement.csproj", "{E4F676C8-E532-44CC-BAFD-3B29A0B4606E}"
EndProject
Global
	GlobalSection(SolutionConfigurationPlatforms) = preSolution
		Debug|Any CPU = Debug|Any CPU
		Dev|Any CPU = Dev|Any CPU
		QA|Any CPU = QA|Any CPU
		Release|Any CPU = Release|Any CPU
		UAT|Any CPU = UAT|Any CPU
	EndGlobalSection
	GlobalSection(ProjectConfigurationPlatforms) = postSolution
		{909CA78B-677A-4DAF-9AD4-F6F0DCACA42B}.Debug|Any CPU.ActiveCfg = Dev|Any CPU
		{909CA78B-677A-4DAF-9AD4-F6F0DCACA42B}.Debug|Any CPU.Build.0 = Dev|Any CPU
		{909CA78B-677A-4DAF-9AD4-F6F0DCACA42B}.Dev|Any CPU.ActiveCfg = Dev|Any CPU
		{909CA78B-677A-4DAF-9AD4-F6F0DCACA42B}.Dev|Any CPU.Build.0 = Dev|Any CPU
		{909CA78B-677A-4DAF-9AD4-F6F0DCACA42B}.QA|Any CPU.ActiveCfg = QA|Any CPU
		{909CA78B-677A-4DAF-9AD4-F6F0DCACA42B}.QA|Any CPU.Build.0 = QA|Any CPU
		{909CA78B-677A-4DAF-9AD4-F6F0DCACA42B}.Release|Any CPU.ActiveCfg = UAT|Any CPU
		{909CA78B-677A-4DAF-9AD4-F6F0DCACA42B}.Release|Any CPU.Build.0 = UAT|Any CPU
		{909CA78B-677A-4DAF-9AD4-F6F0DCACA42B}.UAT|Any CPU.ActiveCfg = UAT|Any CPU
		{909CA78B-677A-4DAF-9AD4-F6F0DCACA42B}.UAT|Any CPU.Build.0 = UAT|Any CPU
		{7F663FB9-38C7-47F0-BFD0-E32D02A0951A}.Debug|Any CPU.ActiveCfg = Dev|Any CPU
		{7F663FB9-38C7-47F0-BFD0-E32D02A0951A}.Debug|Any CPU.Build.0 = Dev|Any CPU
		{7F663FB9-38C7-47F0-BFD0-E32D02A0951A}.Dev|Any CPU.ActiveCfg = Dev|Any CPU
		{7F663FB9-38C7-47F0-BFD0-E32D02A0951A}.Dev|Any CPU.Build.0 = Dev|Any CPU
		{7F663FB9-38C7-47F0-BFD0-E32D02A0951A}.QA|Any CPU.ActiveCfg = QA|Any CPU
		{7F663FB9-38C7-47F0-BFD0-E32D02A0951A}.QA|Any CPU.Build.0 = QA|Any CPU
		{7F663FB9-38C7-47F0-BFD0-E32D02A0951A}.Release|Any CPU.ActiveCfg = UAT|Any CPU
		{7F663FB9-38C7-47F0-BFD0-E32D02A0951A}.Release|Any CPU.Build.0 = UAT|Any CPU
		{7F663FB9-38C7-47F0-BFD0-E32D02A0951A}.UAT|Any CPU.ActiveCfg = UAT|Any CPU
		{7F663FB9-38C7-47F0-BFD0-E32D02A0951A}.UAT|Any CPU.Build.0 = UAT|Any CPU
		{DB2CBD5F-D244-4D62-A553-CE8223D85B24}.Debug|Any CPU.ActiveCfg = Dev|Any CPU
		{DB2CBD5F-D244-4D62-A553-CE8223D85B24}.Debug|Any CPU.Build.0 = Dev|Any CPU
		{DB2CBD5F-D244-4D62-A553-CE8223D85B24}.Dev|Any CPU.ActiveCfg = Dev|Any CPU
		{DB2CBD5F-D244-4D62-A553-CE8223D85B24}.Dev|Any CPU.Build.0 = Dev|Any CPU
		{DB2CBD5F-D244-4D62-A553-CE8223D85B24}.QA|Any CPU.ActiveCfg = QA|Any CPU
		{DB2CBD5F-D244-4D62-A553-CE8223D85B24}.QA|Any CPU.Build.0 = QA|Any CPU
		{DB2CBD5F-D244-4D62-A553-CE8223D85B24}.Release|Any CPU.ActiveCfg = UAT|Any CPU
		{DB2CBD5F-D244-4D62-A553-CE8223D85B24}.Release|Any CPU.Build.0 = UAT|Any CPU
		{DB2CBD5F-D244-4D62-A553-CE8223D85B24}.UAT|Any CPU.ActiveCfg = UAT|Any CPU
		{DB2CBD5F-D244-4D62-A553-CE8223D85B24}.UAT|Any CPU.Build.0 = UAT|Any CPU
		{450AC897-D574-4270-A72D-0679FB289003}.Debug|Any CPU.ActiveCfg = Dev|Any CPU
		{450AC897-D574-4270-A72D-0679FB289003}.Debug|Any CPU.Build.0 = Dev|Any CPU
		{450AC897-D574-4270-A72D-0679FB289003}.Dev|Any CPU.ActiveCfg = Dev|Any CPU
		{450AC897-D574-4270-A72D-0679FB289003}.Dev|Any CPU.Build.0 = Dev|Any CPU
		{450AC897-D574-4270-A72D-0679FB289003}.QA|Any CPU.ActiveCfg = QA|Any CPU
		{450AC897-D574-4270-A72D-0679FB289003}.QA|Any CPU.Build.0 = QA|Any CPU
		{450AC897-D574-4270-A72D-0679FB289003}.Release|Any CPU.ActiveCfg = UAT|Any CPU
		{450AC897-D574-4270-A72D-0679FB289003}.Release|Any CPU.Build.0 = UAT|Any CPU
		{450AC897-D574-4270-A72D-0679FB289003}.UAT|Any CPU.ActiveCfg = UAT|Any CPU
		{450AC897-D574-4270-A72D-0679FB289003}.UAT|Any CPU.Build.0 = UAT|Any CPU
		{7C462BEA-CB6B-4061-B0FC-8E8368BABE3A}.Debug|Any CPU.ActiveCfg = Dev|Any CPU
		{7C462BEA-CB6B-4061-B0FC-8E8368BABE3A}.Debug|Any CPU.Build.0 = Dev|Any CPU
		{7C462BEA-CB6B-4061-B0FC-8E8368BABE3A}.Dev|Any CPU.ActiveCfg = Dev|Any CPU
		{7C462BEA-CB6B-4061-B0FC-8E8368BABE3A}.Dev|Any CPU.Build.0 = Dev|Any CPU
		{7C462BEA-CB6B-4061-B0FC-8E8368BABE3A}.QA|Any CPU.ActiveCfg = QA|Any CPU
		{7C462BEA-CB6B-4061-B0FC-8E8368BABE3A}.QA|Any CPU.Build.0 = QA|Any CPU
		{7C462BEA-CB6B-4061-B0FC-8E8368BABE3A}.Release|Any CPU.ActiveCfg = UAT|Any CPU
		{7C462BEA-CB6B-4061-B0FC-8E8368BABE3A}.Release|Any CPU.Build.0 = UAT|Any CPU
		{7C462BEA-CB6B-4061-B0FC-8E8368BABE3A}.UAT|Any CPU.ActiveCfg = UAT|Any CPU
		{7C462BEA-CB6B-4061-B0FC-8E8368BABE3A}.UAT|Any CPU.Build.0 = UAT|Any CPU
		{146FE6DE-F04E-417A-9E4A-21272C25B133}.Debug|Any CPU.ActiveCfg = Dev|Any CPU
		{146FE6DE-F04E-417A-9E4A-21272C25B133}.Debug|Any CPU.Build.0 = Dev|Any CPU
		{146FE6DE-F04E-417A-9E4A-21272C25B133}.Dev|Any CPU.ActiveCfg = Dev|Any CPU
		{146FE6DE-F04E-417A-9E4A-21272C25B133}.Dev|Any CPU.Build.0 = Dev|Any CPU
		{146FE6DE-F04E-417A-9E4A-21272C25B133}.QA|Any CPU.ActiveCfg = QA|Any CPU
		{146FE6DE-F04E-417A-9E4A-21272C25B133}.QA|Any CPU.Build.0 = QA|Any CPU
		{146FE6DE-F04E-417A-9E4A-21272C25B133}.Release|Any CPU.ActiveCfg = UAT|Any CPU
		{146FE6DE-F04E-417A-9E4A-21272C25B133}.Release|Any CPU.Build.0 = UAT|Any CPU
		{146FE6DE-F04E-417A-9E4A-21272C25B133}.UAT|Any CPU.ActiveCfg = UAT|Any CPU
		{146FE6DE-F04E-417A-9E4A-21272C25B133}.UAT|Any CPU.Build.0 = UAT|Any CPU
		{1BAA6D8D-BA16-40B6-8287-B95C1B1E034D}.Debug|Any CPU.ActiveCfg = Dev|Any CPU
		{1BAA6D8D-BA16-40B6-8287-B95C1B1E034D}.Debug|Any CPU.Build.0 = Dev|Any CPU
		{1BAA6D8D-BA16-40B6-8287-B95C1B1E034D}.Dev|Any CPU.ActiveCfg = Dev|Any CPU
		{1BAA6D8D-BA16-40B6-8287-B95C1B1E034D}.Dev|Any CPU.Build.0 = Dev|Any CPU
		{1BAA6D8D-BA16-40B6-8287-B95C1B1E034D}.QA|Any CPU.ActiveCfg = QA|Any CPU
		{1BAA6D8D-BA16-40B6-8287-B95C1B1E034D}.QA|Any CPU.Build.0 = QA|Any CPU
		{1BAA6D8D-BA16-40B6-8287-B95C1B1E034D}.Release|Any CPU.ActiveCfg = UAT|Any CPU
		{1BAA6D8D-BA16-40B6-8287-B95C1B1E034D}.Release|Any CPU.Build.0 = UAT|Any CPU
		{1BAA6D8D-BA16-40B6-8287-B95C1B1E034D}.UAT|Any CPU.ActiveCfg = UAT|Any CPU
		{1BAA6D8D-BA16-40B6-8287-B95C1B1E034D}.UAT|Any CPU.Build.0 = UAT|Any CPU
		{22A935CD-BE0C-46F8-9A1B-5698EB773654}.Debug|Any CPU.ActiveCfg = Dev|Any CPU
		{22A935CD-BE0C-46F8-9A1B-5698EB773654}.Debug|Any CPU.Build.0 = Dev|Any CPU
		{22A935CD-BE0C-46F8-9A1B-5698EB773654}.Dev|Any CPU.ActiveCfg = Dev|Any CPU
		{22A935CD-BE0C-46F8-9A1B-5698EB773654}.Dev|Any CPU.Build.0 = Dev|Any CPU
		{22A935CD-BE0C-46F8-9A1B-5698EB773654}.QA|Any CPU.ActiveCfg = QA|Any CPU
		{22A935CD-BE0C-46F8-9A1B-5698EB773654}.QA|Any CPU.Build.0 = QA|Any CPU
		{22A935CD-BE0C-46F8-9A1B-5698EB773654}.Release|Any CPU.ActiveCfg = UAT|Any CPU
		{22A935CD-BE0C-46F8-9A1B-5698EB773654}.Release|Any CPU.Build.0 = UAT|Any CPU
		{22A935CD-BE0C-46F8-9A1B-5698EB773654}.UAT|Any CPU.ActiveCfg = UAT|Any CPU
		{22A935CD-BE0C-46F8-9A1B-5698EB773654}.UAT|Any CPU.Build.0 = UAT|Any CPU
		{9399AA7D-9EDE-43C2-8E4F-0B2519EB8480}.Debug|Any CPU.ActiveCfg = Dev|Any CPU
		{9399AA7D-9EDE-43C2-8E4F-0B2519EB8480}.Debug|Any CPU.Build.0 = Dev|Any CPU
		{9399AA7D-9EDE-43C2-8E4F-0B2519EB8480}.Dev|Any CPU.ActiveCfg = Dev|Any CPU
		{9399AA7D-9EDE-43C2-8E4F-0B2519EB8480}.Dev|Any CPU.Build.0 = Dev|Any CPU
		{9399AA7D-9EDE-43C2-8E4F-0B2519EB8480}.QA|Any CPU.ActiveCfg = QA|Any CPU
		{9399AA7D-9EDE-43C2-8E4F-0B2519EB8480}.QA|Any CPU.Build.0 = QA|Any CPU
		{9399AA7D-9EDE-43C2-8E4F-0B2519EB8480}.Release|Any CPU.ActiveCfg = UAT|Any CPU
		{9399AA7D-9EDE-43C2-8E4F-0B2519EB8480}.Release|Any CPU.Build.0 = UAT|Any CPU
		{9399AA7D-9EDE-43C2-8E4F-0B2519EB8480}.UAT|Any CPU.ActiveCfg = UAT|Any CPU
		{9399AA7D-9EDE-43C2-8E4F-0B2519EB8480}.UAT|Any CPU.Build.0 = UAT|Any CPU
		{3435B299-B2C0-442F-88CC-636573DD3AF2}.Debug|Any CPU.ActiveCfg = Dev|Any CPU
		{3435B299-B2C0-442F-88CC-636573DD3AF2}.Debug|Any CPU.Build.0 = Dev|Any CPU
		{3435B299-B2C0-442F-88CC-636573DD3AF2}.Dev|Any CPU.ActiveCfg = Dev|Any CPU
		{3435B299-B2C0-442F-88CC-636573DD3AF2}.Dev|Any CPU.Build.0 = Dev|Any CPU
		{3435B299-B2C0-442F-88CC-636573DD3AF2}.QA|Any CPU.ActiveCfg = QA|Any CPU
		{3435B299-B2C0-442F-88CC-636573DD3AF2}.QA|Any CPU.Build.0 = QA|Any CPU
		{3435B299-B2C0-442F-88CC-636573DD3AF2}.Release|Any CPU.ActiveCfg = UAT|Any CPU
		{3435B299-B2C0-442F-88CC-636573DD3AF2}.Release|Any CPU.Build.0 = UAT|Any CPU
		{3435B299-B2C0-442F-88CC-636573DD3AF2}.UAT|Any CPU.ActiveCfg = UAT|Any CPU
		{3435B299-B2C0-442F-88CC-636573DD3AF2}.UAT|Any CPU.Build.0 = UAT|Any CPU
		{607133F8-1BE3-4E03-BA04-3D20DAE1AAFD}.Debug|Any CPU.ActiveCfg = Debug|Any CPU
		{607133F8-1BE3-4E03-BA04-3D20DAE1AAFD}.Debug|Any CPU.Build.0 = Debug|Any CPU
		{607133F8-1BE3-4E03-BA04-3D20DAE1AAFD}.Dev|Any CPU.ActiveCfg = Debug|Any CPU
		{607133F8-1BE3-4E03-BA04-3D20DAE1AAFD}.Dev|Any CPU.Build.0 = Debug|Any CPU
		{607133F8-1BE3-4E03-BA04-3D20DAE1AAFD}.QA|Any CPU.ActiveCfg = Debug|Any CPU
		{607133F8-1BE3-4E03-BA04-3D20DAE1AAFD}.QA|Any CPU.Build.0 = Debug|Any CPU
		{607133F8-1BE3-4E03-BA04-3D20DAE1AAFD}.Release|Any CPU.ActiveCfg = Release|Any CPU
		{607133F8-1BE3-4E03-BA04-3D20DAE1AAFD}.Release|Any CPU.Build.0 = Release|Any CPU
		{607133F8-1BE3-4E03-BA04-3D20DAE1AAFD}.UAT|Any CPU.ActiveCfg = Debug|Any CPU
		{607133F8-1BE3-4E03-BA04-3D20DAE1AAFD}.UAT|Any CPU.Build.0 = Debug|Any CPU
		{F46F5494-C4C2-4C1B-9A6C-F9E7121F0134}.Debug|Any CPU.ActiveCfg = Debug|Any CPU
		{F46F5494-C4C2-4C1B-9A6C-F9E7121F0134}.Debug|Any CPU.Build.0 = Debug|Any CPU
		{F46F5494-C4C2-4C1B-9A6C-F9E7121F0134}.Dev|Any CPU.ActiveCfg = Debug|Any CPU
		{F46F5494-C4C2-4C1B-9A6C-F9E7121F0134}.Dev|Any CPU.Build.0 = Debug|Any CPU
		{F46F5494-C4C2-4C1B-9A6C-F9E7121F0134}.QA|Any CPU.ActiveCfg = Debug|Any CPU
		{F46F5494-C4C2-4C1B-9A6C-F9E7121F0134}.QA|Any CPU.Build.0 = Debug|Any CPU
		{F46F5494-C4C2-4C1B-9A6C-F9E7121F0134}.Release|Any CPU.ActiveCfg = Release|Any CPU
		{F46F5494-C4C2-4C1B-9A6C-F9E7121F0134}.Release|Any CPU.Build.0 = Release|Any CPU
		{F46F5494-C4C2-4C1B-9A6C-F9E7121F0134}.UAT|Any CPU.ActiveCfg = Debug|Any CPU
		{F46F5494-C4C2-4C1B-9A6C-F9E7121F0134}.UAT|Any CPU.Build.0 = Debug|Any CPU
		{4D0153B3-5D51-4EFE-9827-D872C636AA98}.Debug|Any CPU.ActiveCfg = Debug|Any CPU
		{4D0153B3-5D51-4EFE-9827-D872C636AA98}.Debug|Any CPU.Build.0 = Debug|Any CPU
		{4D0153B3-5D51-4EFE-9827-D872C636AA98}.Dev|Any CPU.ActiveCfg = Debug|Any CPU
		{4D0153B3-5D51-4EFE-9827-D872C636AA98}.Dev|Any CPU.Build.0 = Debug|Any CPU
		{4D0153B3-5D51-4EFE-9827-D872C636AA98}.QA|Any CPU.ActiveCfg = Debug|Any CPU
		{4D0153B3-5D51-4EFE-9827-D872C636AA98}.QA|Any CPU.Build.0 = Debug|Any CPU
		{4D0153B3-5D51-4EFE-9827-D872C636AA98}.Release|Any CPU.ActiveCfg = Release|Any CPU
		{4D0153B3-5D51-4EFE-9827-D872C636AA98}.Release|Any CPU.Build.0 = Release|Any CPU
		{4D0153B3-5D51-4EFE-9827-D872C636AA98}.UAT|Any CPU.ActiveCfg = Debug|Any CPU
		{4D0153B3-5D51-4EFE-9827-D872C636AA98}.UAT|Any CPU.Build.0 = Debug|Any CPU
		{EA3EC9A9-8FFA-4F8D-BDA7-91BE82D72512}.Debug|Any CPU.ActiveCfg = Debug|Any CPU
		{EA3EC9A9-8FFA-4F8D-BDA7-91BE82D72512}.Debug|Any CPU.Build.0 = Debug|Any CPU
		{EA3EC9A9-8FFA-4F8D-BDA7-91BE82D72512}.Dev|Any CPU.ActiveCfg = Debug|Any CPU
		{EA3EC9A9-8FFA-4F8D-BDA7-91BE82D72512}.Dev|Any CPU.Build.0 = Debug|Any CPU
		{EA3EC9A9-8FFA-4F8D-BDA7-91BE82D72512}.QA|Any CPU.ActiveCfg = Debug|Any CPU
		{EA3EC9A9-8FFA-4F8D-BDA7-91BE82D72512}.QA|Any CPU.Build.0 = Debug|Any CPU
		{EA3EC9A9-8FFA-4F8D-BDA7-91BE82D72512}.Release|Any CPU.ActiveCfg = Release|Any CPU
		{EA3EC9A9-8FFA-4F8D-BDA7-91BE82D72512}.Release|Any CPU.Build.0 = Release|Any CPU
		{EA3EC9A9-8FFA-4F8D-BDA7-91BE82D72512}.UAT|Any CPU.ActiveCfg = Debug|Any CPU
		{EA3EC9A9-8FFA-4F8D-BDA7-91BE82D72512}.UAT|Any CPU.Build.0 = Debug|Any CPU
		{4A4529E3-3A2E-4B45-AF9C-966805AF57F0}.Debug|Any CPU.ActiveCfg = Debug|Any CPU
		{4A4529E3-3A2E-4B45-AF9C-966805AF57F0}.Debug|Any CPU.Build.0 = Debug|Any CPU
		{4A4529E3-3A2E-4B45-AF9C-966805AF57F0}.Dev|Any CPU.ActiveCfg = Debug|Any CPU
		{4A4529E3-3A2E-4B45-AF9C-966805AF57F0}.Dev|Any CPU.Build.0 = Debug|Any CPU
		{4A4529E3-3A2E-4B45-AF9C-966805AF57F0}.QA|Any CPU.ActiveCfg = Debug|Any CPU
		{4A4529E3-3A2E-4B45-AF9C-966805AF57F0}.QA|Any CPU.Build.0 = Debug|Any CPU
		{4A4529E3-3A2E-4B45-AF9C-966805AF57F0}.Release|Any CPU.ActiveCfg = Release|Any CPU
		{4A4529E3-3A2E-4B45-AF9C-966805AF57F0}.Release|Any CPU.Build.0 = Release|Any CPU
		{4A4529E3-3A2E-4B45-AF9C-966805AF57F0}.UAT|Any CPU.ActiveCfg = Debug|Any CPU
		{4A4529E3-3A2E-4B45-AF9C-966805AF57F0}.UAT|Any CPU.Build.0 = Debug|Any CPU
		{491EE15F-30F7-4CDF-A2B8-56C813FD58CE}.Debug|Any CPU.ActiveCfg = Debug|Any CPU
		{491EE15F-30F7-4CDF-A2B8-56C813FD58CE}.Debug|Any CPU.Build.0 = Debug|Any CPU
		{491EE15F-30F7-4CDF-A2B8-56C813FD58CE}.Dev|Any CPU.ActiveCfg = Debug|Any CPU
		{491EE15F-30F7-4CDF-A2B8-56C813FD58CE}.Dev|Any CPU.Build.0 = Debug|Any CPU
		{491EE15F-30F7-4CDF-A2B8-56C813FD58CE}.QA|Any CPU.ActiveCfg = Debug|Any CPU
		{491EE15F-30F7-4CDF-A2B8-56C813FD58CE}.QA|Any CPU.Build.0 = Debug|Any CPU
		{491EE15F-30F7-4CDF-A2B8-56C813FD58CE}.Release|Any CPU.ActiveCfg = Release|Any CPU
		{491EE15F-30F7-4CDF-A2B8-56C813FD58CE}.Release|Any CPU.Build.0 = Release|Any CPU
		{491EE15F-30F7-4CDF-A2B8-56C813FD58CE}.UAT|Any CPU.ActiveCfg = Debug|Any CPU
		{491EE15F-30F7-4CDF-A2B8-56C813FD58CE}.UAT|Any CPU.Build.0 = Debug|Any CPU
		{5AFBE775-AD50-4E55-BF60-D37EDBD60C5E}.Debug|Any CPU.ActiveCfg = Debug|Any CPU
		{5AFBE775-AD50-4E55-BF60-D37EDBD60C5E}.Debug|Any CPU.Build.0 = Debug|Any CPU
		{5AFBE775-AD50-4E55-BF60-D37EDBD60C5E}.Dev|Any CPU.ActiveCfg = Debug|Any CPU
		{5AFBE775-AD50-4E55-BF60-D37EDBD60C5E}.Dev|Any CPU.Build.0 = Debug|Any CPU
		{5AFBE775-AD50-4E55-BF60-D37EDBD60C5E}.QA|Any CPU.ActiveCfg = Debug|Any CPU
		{5AFBE775-AD50-4E55-BF60-D37EDBD60C5E}.QA|Any CPU.Build.0 = Debug|Any CPU
		{5AFBE775-AD50-4E55-BF60-D37EDBD60C5E}.Release|Any CPU.ActiveCfg = Release|Any CPU
		{5AFBE775-AD50-4E55-BF60-D37EDBD60C5E}.Release|Any CPU.Build.0 = Release|Any CPU
		{5AFBE775-AD50-4E55-BF60-D37EDBD60C5E}.UAT|Any CPU.ActiveCfg = Debug|Any CPU
		{5AFBE775-AD50-4E55-BF60-D37EDBD60C5E}.UAT|Any CPU.Build.0 = Debug|Any CPU
		{E4F676C8-E532-44CC-BAFD-3B29A0B4606E}.Debug|Any CPU.ActiveCfg = Debug|Any CPU
		{E4F676C8-E532-44CC-BAFD-3B29A0B4606E}.Debug|Any CPU.Build.0 = Debug|Any CPU
		{E4F676C8-E532-44CC-BAFD-3B29A0B4606E}.Dev|Any CPU.ActiveCfg = Debug|Any CPU
		{E4F676C8-E532-44CC-BAFD-3B29A0B4606E}.Dev|Any CPU.Build.0 = Debug|Any CPU
		{E4F676C8-E532-44CC-BAFD-3B29A0B4606E}.QA|Any CPU.ActiveCfg = Debug|Any CPU
		{E4F676C8-E532-44CC-BAFD-3B29A0B4606E}.QA|Any CPU.Build.0 = Debug|Any CPU
		{E4F676C8-E532-44CC-BAFD-3B29A0B4606E}.Release|Any CPU.ActiveCfg = Release|Any CPU
		{E4F676C8-E532-44CC-BAFD-3B29A0B4606E}.Release|Any CPU.Build.0 = Release|Any CPU
		{E4F676C8-E532-44CC-BAFD-3B29A0B4606E}.UAT|Any CPU.ActiveCfg = Debug|Any CPU
		{E4F676C8-E532-44CC-BAFD-3B29A0B4606E}.UAT|Any CPU.Build.0 = Debug|Any CPU
	EndGlobalSection
	GlobalSection(SolutionProperties) = preSolution
		HideSolutionNode = FALSE
	EndGlobalSection
	GlobalSection(ExtensibilityGlobals) = postSolution
		SolutionGuid = {9AD0BA93-DFB8-4239-8152-5EBE76A4A184}
	EndGlobalSection
EndGlobal
